
Microsoft Visual Studio Solution File, Format Version 12.00
# Visual Studio Version 17
VisualStudioVersion = 17.9.34902.65
MinimumVisualStudioVersion = 10.0.40219.1
Project("{8BC9CEB8-8B4A-11D0-8D11-00A0C91BC942}") = "Backend", "Backend\Backend.vcxproj", "{97FA8920-F492-4F35-AB90-3B0CD28BC88A}"
EndProject
Project("{8BC9CEB8-8B4A-11D0-8D11-00A0C91BC942}") = "Frontend", "Frontend\Frontend.vcxproj", "{C77F5F87-742D-4853-B8A7-B33823ED22F7}"
	ProjectSection(ProjectDependencies) = postProject
		{97FA8920-F492-4F35-AB90-3B0CD28BC88A} = {97FA8920-F492-4F35-AB90-3B0CD28BC88A}
	EndProjectSection
EndProject
Project("{8BC9CEB8-8B4A-11D0-8D11-00A0C91BC942}") = "Testing", "ConsoleApplication1\ConsoleApplication1.vcxproj", "{0BCAA762-023A-43D6-BF22-E92C8FFD676C}"
	ProjectSection(ProjectDependencies) = postProject
		{97FA8920-F492-4F35-AB90-3B0CD28BC88A} = {97FA8920-F492-4F35-AB90-3B0CD28BC88A}
	EndProjectSection
EndProject
Global
	GlobalSection(SolutionConfigurationPlatforms) = preSolution
		Debug|x64 = Debug|x64
		Debug|x86 = Debug|x86
		Release|x64 = Release|x64
		Release|x86 = Release|x86
	EndGlobalSection
	GlobalSection(ProjectConfigurationPlatforms) = postSolution
		{97FA8920-F492-4F35-AB90-3B0CD28BC88A}.Debug|x64.ActiveCfg = Debug|x64
		{97FA8920-F492-4F35-AB90-3B0CD28BC88A}.Debug|x64.Build.0 = Debug|x64
		{97FA8920-F492-4F35-AB90-3B0CD28BC88A}.Debug|x86.ActiveCfg = Debug|Win32
		{97FA8920-F492-4F35-AB90-3B0CD28BC88A}.Debug|x86.Build.0 = Debug|Win32
		{97FA8920-F492-4F35-AB90-3B0CD28BC88A}.Release|x64.ActiveCfg = Release|x64
		{97FA8920-F492-4F35-AB90-3B0CD28BC88A}.Release|x64.Build.0 = Release|x64
		{97FA8920-F492-4F35-AB90-3B0CD28BC88A}.Release|x86.ActiveCfg = Release|Win32
		{97FA8920-F492-4F35-AB90-3B0CD28BC88A}.Release|x86.Build.0 = Release|Win32
		{C77F5F87-742D-4853-B8A7-B33823ED22F7}.Debug|x64.ActiveCfg = Debug|x64
		{C77F5F87-742D-4853-B8A7-B33823ED22F7}.Debug|x64.Build.0 = Debug|x64
		{C77F5F87-742D-4853-B8A7-B33823ED22F7}.Debug|x86.ActiveCfg = Debug|Win32
		{C77F5F87-742D-4853-B8A7-B33823ED22F7}.Debug|x86.Build.0 = Debug|Win32
		{C77F5F87-742D-4853-B8A7-B33823ED22F7}.Release|x64.ActiveCfg = Release|x64
		{C77F5F87-742D-4853-B8A7-B33823ED22F7}.Release|x64.Build.0 = Release|x64
		{C77F5F87-742D-4853-B8A7-B33823ED22F7}.Release|x86.ActiveCfg = Release|Win32
		{C77F5F87-742D-4853-B8A7-B33823ED22F7}.Release|x86.Build.0 = Release|Win32
		{0BCAA762-023A-43D6-BF22-E92C8FFD676C}.Debug|x64.ActiveCfg = Debug|x64
		{0BCAA762-023A-43D6-BF22-E92C8FFD676C}.Debug|x64.Build.0 = Debug|x64
		{0BCAA762-023A-43D6-BF22-E92C8FFD676C}.Debug|x86.ActiveCfg = Debug|Win32
		{0BCAA762-023A-43D6-BF22-E92C8FFD676C}.Debug|x86.Build.0 = Debug|Win32
		{0BCAA762-023A-43D6-BF22-E92C8FFD676C}.Release|x64.ActiveCfg = Release|x64
		{0BCAA762-023A-43D6-BF22-E92C8FFD676C}.Release|x64.Build.0 = Release|x64
		{0BCAA762-023A-43D6-BF22-E92C8FFD676C}.Release|x86.ActiveCfg = Release|Win32
		{0BCAA762-023A-43D6-BF22-E92C8FFD676C}.Release|x86.Build.0 = Release|Win32
	EndGlobalSection
	GlobalSection(SolutionProperties) = preSolution
		HideSolutionNode = FALSE
	EndGlobalSection
	GlobalSection(ExtensibilityGlobals) = postSolution
		SolutionGuid = {80DD61B3-AA6D-4E9A-83FB-8AD63F322063}
	EndGlobalSection
EndGlobal
